{
  "name": "remme-token",
  "version": "0.0.0",
  "lockfileVersion": 1,
  "requires": true,
  "dependencies": {
    "@types/node-forge": {
      "version": "0.7.4",
      "resolved": "https://registry.npmjs.org/@types/node-forge/-/node-forge-0.7.4.tgz",
      "integrity": "sha512-zK8v6Vu+8LiXdj8FvA4/WHvhfDwzwUa4rR+JKZwUpSQzBvSFgN5UmHjSiSeg2kci19refUVnxJF7uc+d6wtXBw=="
    },
    "node-forge": {
      "version": "0.7.5",
      "resolved": "https://registry.npmjs.org/node-forge/-/node-forge-0.7.5.tgz",
      "integrity": "sha512-MmbQJ2MTESTjt3Gi/3yG1wGpIMhUfcIypUCGtTizFR9IiccFwxSpfp0vtIZlkFclEqERemxfnSdZEMR9VqqEFQ=="
    },
    "typescript": {
      "version": "2.8.3",
      "resolved": "https://registry.npmjs.org/typescript/-/typescript-2.8.3.tgz",
      "integrity": "sha512-K7g15Bb6Ra4lKf7Iq2l/I5/En+hLIHmxWZGq3D4DIRNFxMNV6j2SHSvDOqs2tGd4UvD/fJvrwopzQXjLrT7Itw==",
      "dev": true
    }
  }
}
