{
  "name": "remme-token",
  "version": "0.0.0",
  "lockfileVersion": 1,
  "requires": true,
  "dependencies": {
    "@types/node-forge": {
      "version": "0.7.3",
      "resolved": "https://registry.npmjs.org/@types/node-forge/-/node-forge-0.7.3.tgz",
      "integrity": "sha512-P75jvXgBwj1B8JJwvrhdwVS4Fx9r+MSq492LAnvYhEGcgeRY4IzTSSA4ovSQXn/tKE8ByeiuKR5/TTah1PMF7g=="
    },
    "node-forge": {
      "version": "0.7.5",
      "resolved": "https://registry.npmjs.org/node-forge/-/node-forge-0.7.5.tgz",
      "integrity": "sha512-MmbQJ2MTESTjt3Gi/3yG1wGpIMhUfcIypUCGtTizFR9IiccFwxSpfp0vtIZlkFclEqERemxfnSdZEMR9VqqEFQ=="
    },
    "typescript": {
      "version": "2.8.3",
      "resolved": "https://registry.npmjs.org/typescript/-/typescript-2.8.3.tgz",
      "integrity": "sha512-K7g15Bb6Ra4lKf7Iq2l/I5/En+hLIHmxWZGq3D4DIRNFxMNV6j2SHSvDOqs2tGd4UvD/fJvrwopzQXjLrT7Itw==",
      "dev": true
    }
  }
}
